{
  "version": "3",
  "remote": {
    "https://deno.land/std@0.202.0/fs/exists.ts": "cb59a853d84871d87acab0e7936a4dac11282957f8e195102c5a7acb42546bb8",
    "https://esm.sh/ansi-colors@4.1.3": "e1718a04c1725e5eef09bd59916ea2acd2b4c1d475633ab0c3d257820f2f0710",
    "https://esm.sh/minimist@1.2.8": "e2b1772d81afcee37ad19ada641052cff340988d9f54ebc1b9f8c29c043e1893",
    "https://esm.sh/uid@2.0.2": "3baaa00d1967d84d9bd7576246b765eb1153b6c2277655c6d536bea4c90c87be",
    "https://esm.sh/v132/ansi-colors@4.1.3/denonext/ansi-colors.mjs": "fd068ad10f34d0660cebe49cb57eb7f650c7a76c2216ecd130c9f53c1bebdb25",
    "https://esm.sh/v132/minimist@1.2.8/denonext/minimist.mjs": "50d18960060e8fbca3f7edbf9425d30085c5e9696a47359707908124ba6275b8",
    "https://esm.sh/v132/uid@2.0.2/denonext/uid.mjs": "f2f1826e8f4d05ff1d24e473a14ce88378b16c2461992280805c2c3fb2a72781"
  }
}
